// !$*UTF8*$!
{
	archiveVersion = 1;
	classes = {
	};
	objectVersion = 50;
	objects = {

/* Begin PBXBuildFile section */
		7624D9B2251D4407002D0FE2 /* AppDelegate.swift in Sources */ = {isa = PBXBuildFile; fileRef = 7624D9B1251D4407002D0FE2 /* AppDelegate.swift */; };
		7624D9BB251D440B002D0FE2 /* Assets.xcassets in Resources */ = {isa = PBXBuildFile; fileRef = 7624D9BA251D440B002D0FE2 /* Assets.xcassets */; };
		7624D9BE251D440B002D0FE2 /* LaunchScreen.storyboard in Resources */ = {isa = PBXBuildFile; fileRef = 7624D9BC251D440B002D0FE2 /* LaunchScreen.storyboard */; };
		7624D9CB251D44F8002D0FE2 /* InitialViewController.swift in Sources */ = {isa = PBXBuildFile; fileRef = 7624D9C9251D44F8002D0FE2 /* InitialViewController.swift */; };
		7624D9CC251D44F8002D0FE2 /* InitialViewController.xib in Resources */ = {isa = PBXBuildFile; fileRef = 7624D9CA251D44F8002D0FE2 /* InitialViewController.xib */; };
		7624D9D0251D481B002D0FE2 /* ChoiceViewController.swift in Sources */ = {isa = PBXBuildFile; fileRef = 7624D9CE251D481B002D0FE2 /* ChoiceViewController.swift */; };
		7624D9D1251D481B002D0FE2 /* ChoiceViewController.xib in Resources */ = {isa = PBXBuildFile; fileRef = 7624D9CF251D481B002D0FE2 /* ChoiceViewController.xib */; };
/* End PBXBuildFile section */

/* Begin PBXFileReference section */
		7624D9AE251D4407002D0FE2 /* MatrixProject.app */ = {isa = PBXFileReference; explicitFileType = wrapper.application; includeInIndex = 0; path = MatrixProject.app; sourceTree = BUILT_PRODUCTS_DIR; };
		7624D9B1251D4407002D0FE2 /* AppDelegate.swift */ = {isa = PBXFileReference; lastKnownFileType = sourcecode.swift; path = AppDelegate.swift; sourceTree = "<group>"; };
		7624D9BA251D440B002D0FE2 /* Assets.xcassets */ = {isa = PBXFileReference; lastKnownFileType = folder.assetcatalog; path = Assets.xcassets; sourceTree = "<group>"; };
		7624D9BD251D440B002D0FE2 /* Base */ = {isa = PBXFileReference; lastKnownFileType = file.storyboard; name = Base; path = Base.lproj/LaunchScreen.storyboard; sourceTree = "<group>"; };
		7624D9BF251D440B002D0FE2 /* Info.plist */ = {isa = PBXFileReference; lastKnownFileType = text.plist.xml; path = Info.plist; sourceTree = "<group>"; };
		7624D9C9251D44F8002D0FE2 /* InitialViewController.swift */ = {isa = PBXFileReference; lastKnownFileType = sourcecode.swift; path = InitialViewController.swift; sourceTree = "<group>"; };
		7624D9CA251D44F8002D0FE2 /* InitialViewController.xib */ = {isa = PBXFileReference; lastKnownFileType = file.xib; path = InitialViewController.xib; sourceTree = "<group>"; };
		7624D9CE251D481B002D0FE2 /* ChoiceViewController.swift */ = {isa = PBXFileReference; lastKnownFileType = sourcecode.swift; path = ChoiceViewController.swift; sourceTree = "<group>"; };
		7624D9CF251D481B002D0FE2 /* ChoiceViewController.xib */ = {isa = PBXFileReference; lastKnownFileType = file.xib; path = ChoiceViewController.xib; sourceTree = "<group>"; };
/* End PBXFileReference section */

/* Begin PBXFrameworksBuildPhase section */
		7624D9AB251D4407002D0FE2 /* Frameworks */ = {
			isa = PBXFrameworksBuildPhase;
			buildActionMask = 2147483647;
			files = (
			);
			runOnlyForDeploymentPostprocessing = 0;
		};
/* End PBXFrameworksBuildPhase section */

/* Begin PBXGroup section */
		7624D9A5251D4407002D0FE2 = {
			isa = PBXGroup;
			children = (
				7624D9B0251D4407002D0FE2 /* MatrixProject */,
				7624D9AF251D4407002D0FE2 /* Products */,
			);
			sourceTree = "<group>";
		};
		7624D9AF251D4407002D0FE2 /* Products */ = {
			isa = PBXGroup;
			children = (
				7624D9AE251D4407002D0FE2 /* MatrixProject.app */,
			);
			name = Products;
			sourceTree = "<group>";
		};
		7624D9B0251D4407002D0FE2 /* MatrixProject */ = {
			isa = PBXGroup;
			children = (
				7624D9B1251D4407002D0FE2 /* AppDelegate.swift */,
				7624D9BA251D440B002D0FE2 /* Assets.xcassets */,
				7624D9BC251D440B002D0FE2 /* LaunchScreen.storyboard */,
				7624D9BF251D440B002D0FE2 /* Info.plist */,
				7624D9C9251D44F8002D0FE2 /* InitialViewController.swift */,
				7624D9CA251D44F8002D0FE2 /* InitialViewController.xib */,
				7624D9CE251D481B002D0FE2 /* ChoiceViewController.swift */,
				7624D9CF251D481B002D0FE2 /* ChoiceViewController.xib */,
			);
			path = MatrixProject;
			sourceTree = "<group>";
		};
/* End PBXGroup section */

/* Begin PBXNativeTarget section */
		7624D9AD251D4407002D0FE2 /* MatrixProject */ = {
			isa = PBXNativeTarget;
			buildConfigurationList = 7624D9C2251D440B002D0FE2 /* Build configuration list for PBXNativeTarget "MatrixProject" */;
			buildPhases = (
				7624D9AA251D4407002D0FE2 /* Sources */,
				7624D9AB251D4407002D0FE2 /* Frameworks */,
				7624D9AC251D4407002D0FE2 /* Resources */,
			);
			buildRules = (
			);
			dependencies = (
			);
			name = MatrixProject;
			productName = MatrixProject;
			productReference = 7624D9AE251D4407002D0FE2 /* MatrixProject.app */;
			productType = "com.apple.product-type.application";
		};
/* End PBXNativeTarget section */

/* Begin PBXProject section */
		7624D9A6251D4407002D0FE2 /* Project object */ = {
			isa = PBXProject;
			attributes = {
				LastSwiftUpdateCheck = 1200;
				LastUpgradeCheck = 1200;
				TargetAttributes = {
					7624D9AD251D4407002D0FE2 = {
						CreatedOnToolsVersion = 12.0;
					};
				};
			};
			buildConfigurationList = 7624D9A9251D4407002D0FE2 /* Build configuration list for PBXProject "MatrixProject" */;
			compatibilityVersion = "Xcode 9.3";
			developmentRegion = en;
			hasScannedForEncodings = 0;
			knownRegions = (
				en,
				Base,
			);
			mainGroup = 7624D9A5251D4407002D0FE2;
			productRefGroup = 7624D9AF251D4407002D0FE2 /* Products */;
			projectDirPath = "";
			projectRoot = "";
			targets = (
				7624D9AD251D4407002D0FE2 /* MatrixProject */,
			);
		};
/* End PBXProject section */

/* Begin PBXResourcesBuildPhase section */
		7624D9AC251D4407002D0FE2 /* Resources */ = {
			isa = PBXResourcesBuildPhase;
			buildActionMask = 2147483647;
			files = (
				7624D9BE251D440B002D0FE2 /* LaunchScreen.storyboard in Resources */,
				7624D9BB251D440B002D0FE2 /* Assets.xcassets in Resources */,
				7624D9CC251D44F8002D0FE2 /* InitialViewController.xib in Resources */,
				7624D9D1251D481B002D0FE2 /* ChoiceViewController.xib in Resources */,
			);
			runOnlyForDeploymentPostprocessing = 0;
		};
/* End PBXResourcesBuildPhase section */

/* Begin PBXSourcesBuildPhase section */
		7624D9AA251D4407002D0FE2 /* Sources */ = {
			isa = PBXSourcesBuildPhase;
			buildActionMask = 2147483647;
			files = (
				7624D9D0251D481B002D0FE2 /* ChoiceViewController.swift in Sources */,
				7624D9B2251D4407002D0FE2 /* AppDelegate.swift in Sources */,
				7624D9CB251D44F8002D0FE2 /* InitialViewController.swift in Sources */,
			);
			runOnlyForDeploymentPostprocessing = 0;
		};
/* End PBXSourcesBuildPhase section */

/* Begin PBXVariantGroup section */
		7624D9BC251D440B002D0FE2 /* LaunchScreen.storyboard */ = {
			isa = PBXVariantGroup;
			children = (
				7624D9BD251D440B002D0FE2 /* Base */,
			);
			name = LaunchScreen.storyboard;
			sourceTree = "<group>";
		};
/* End PBXVariantGroup section */

/* Begin XCBuildConfiguration section */
		7624D9C0251D440B002D0FE2 /* Debug */ = {
			isa = XCBuildConfiguration;
			buildSettings = {
				ALWAYS_SEARCH_USER_PATHS = NO;
				CLANG_ANALYZER_NONNULL = YES;
				CLANG_ANALYZER_NUMBER_OBJECT_CONVERSION = YES_AGGRESSIVE;
				CLANG_CXX_LANGUAGE_STANDARD = "gnu++14";
				CLANG_CXX_LIBRARY = "libc++";
				CLANG_ENABLE_MODULES = YES;
				CLANG_ENABLE_OBJC_ARC = YES;
				CLANG_ENABLE_OBJC_WEAK = YES;
				CLANG_WARN_BLOCK_CAPTURE_AUTORELEASING = YES;
				CLANG_WARN_BOOL_CONVERSION = YES;
				CLANG_WARN_COMMA = YES;
				CLANG_WARN_CONSTANT_CONVERSION = YES;
				CLANG_WARN_DEPRECATED_OBJC_IMPLEMENTATIONS = YES;
				CLANG_WARN_DIRECT_OBJC_ISA_USAGE = YES_ERROR;
				CLANG_WARN_DOCUMENTATION_COMMENTS = YES;
				CLANG_WARN_EMPTY_BODY = YES;
				CLANG_WARN_ENUM_CONVERSION = YES;
				CLANG_WARN_INFINITE_RECURSION = YES;
				CLANG_WARN_INT_CONVERSION = YES;
				CLANG_WARN_NON_LITERAL_NULL_CONVERSION = YES;
				CLANG_WARN_OBJC_IMPLICIT_RETAIN_SELF = YES;
				CLANG_WARN_OBJC_LITERAL_CONVERSION = YES;
				CLANG_WARN_OBJC_ROOT_CLASS = YES_ERROR;
				CLANG_WARN_QUOTED_INCLUDE_IN_FRAMEWORK_HEADER = YES;
				CLANG_WARN_RANGE_LOOP_ANALYSIS = YES;
				CLANG_WARN_STRICT_PROTOTYPES = YES;
				CLANG_WARN_SUSPICIOUS_MOVE = YES;
				CLANG_WARN_UNGUARDED_AVAILABILITY = YES_AGGRESSIVE;
				CLANG_WARN_UNREACHABLE_CODE = YES;
				CLANG_WARN__DUPLICATE_METHOD_MATCH = YES;
				COPY_PHASE_STRIP = NO;
				DEBUG_INFORMATION_FORMAT = dwarf;
				ENABLE_STRICT_OBJC_MSGSEND = YES;
				ENABLE_TESTABILITY = YES;
				GCC_C_LANGUAGE_STANDARD = gnu11;
				GCC_DYNAMIC_NO_PIC = NO;
				GCC_NO_COMMON_BLOCKS = YES;
				GCC_OPTIMIZATION_LEVEL = 0;
				GCC_PREPROCESSOR_DEFINITIONS = (
					"DEBUG=1",
					"$(inherited)",
				);
				GCC_WARN_64_TO_32_BIT_CONVERSION = YES;
				GCC_WARN_ABOUT_RETURN_TYPE = YES_ERROR;
				GCC_WARN_UNDECLARED_SELECTOR = YES;
				GCC_WARN_UNINITIALIZED_AUTOS = YES_AGGRESSIVE;
				GCC_WARN_UNUSED_FUNCTION = YES;
				GCC_WARN_UNUSED_VARIABLE = YES;
				IPHONEOS_DEPLOYMENT_TARGET = 14.0;
				MTL_ENABLE_DEBUG_INFO = INCLUDE_SOURCE;
				MTL_FAST_MATH = YES;
				ONLY_ACTIVE_ARCH = YES;
				SDKROOT = iphoneos;
				SWIFT_ACTIVE_COMPILATION_CONDITIONS = DEBUG;
				SWIFT_OPTIMIZATION_LEVEL = "-Onone";
			};
			name = Debug;
		};
		7624D9C1251D440B002D0FE2 /* Release */ = {
			isa = XCBuildConfiguration;
			buildSettings = {
				ALWAYS_SEARCH_USER_PATHS = NO;
				CLANG_ANALYZER_NONNULL = YES;
				CLANG_ANALYZER_NUMBER_OBJECT_CONVERSION = YES_AGGRESSIVE;
				CLANG_CXX_LANGUAGE_STANDARD = "gnu++14";
				CLANG_CXX_LIBRARY = "libc++";
				CLANG_ENABLE_MODULES = YES;
				CLANG_ENABLE_OBJC_ARC = YES;
				CLANG_ENABLE_OBJC_WEAK = YES;
				CLANG_WARN_BLOCK_CAPTURE_AUTORELEASING = YES;
				CLANG_WARN_BOOL_CONVERSION = YES;
				CLANG_WARN_COMMA = YES;
				CLANG_WARN_CONSTANT_CONVERSION = YES;
				CLANG_WARN_DEPRECATED_OBJC_IMPLEMENTATIONS = YES;
				CLANG_WARN_DIRECT_OBJC_ISA_USAGE = YES_ERROR;
				CLANG_WARN_DOCUMENTATION_COMMENTS = YES;
				CLANG_WARN_EMPTY_BODY = YES;
				CLANG_WARN_ENUM_CONVERSION = YES;
				CLANG_WARN_INFINITE_RECURSION = YES;
				CLANG_WARN_INT_CONVERSION = YES;
				CLANG_WARN_NON_LITERAL_NULL_CONVERSION = YES;
				CLANG_WARN_OBJC_IMPLICIT_RETAIN_SELF = YES;
				CLANG_WARN_OBJC_LITERAL_CONVERSION = YES;
				CLANG_WARN_OBJC_ROOT_CLASS = YES_ERROR;
				CLANG_WARN_QUOTED_INCLUDE_IN_FRAMEWORK_HEADER = YES;
				CLANG_WARN_RANGE_LOOP_ANALYSIS = YES;
				CLANG_WARN_STRICT_PROTOTYPES = YES;
				CLANG_WARN_SUSPICIOUS_MOVE = YES;
				CLANG_WARN_UNGUARDED_AVAILABILITY = YES_AGGRESSIVE;
				CLANG_WARN_UNREACHABLE_CODE = YES;
				CLANG_WARN__DUPLICATE_METHOD_MATCH = YES;
				COPY_PHASE_STRIP = NO;
				DEBUG_INFORMATION_FORMAT = "dwarf-with-dsym";
				ENABLE_NS_ASSERTIONS = NO;
				ENABLE_STRICT_OBJC_MSGSEND = YES;
				GCC_C_LANGUAGE_STANDARD = gnu11;
				GCC_NO_COMMON_BLOCKS = YES;
				GCC_WARN_64_TO_32_BIT_CONVERSION = YES;
				GCC_WARN_ABOUT_RETURN_TYPE = YES_ERROR;
				GCC_WARN_UNDECLARED_SELECTOR = YES;
				GCC_WARN_UNINITIALIZED_AUTOS = YES_AGGRESSIVE;
				GCC_WARN_UNUSED_FUNCTION = YES;
				GCC_WARN_UNUSED_VARIABLE = YES;
				IPHONEOS_DEPLOYMENT_TARGET = 14.0;
				MTL_ENABLE_DEBUG_INFO = NO;
				MTL_FAST_MATH = YES;
				SDKROOT = iphoneos;
				SWIFT_COMPILATION_MODE = wholemodule;
				SWIFT_OPTIMIZATION_LEVEL = "-O";
				VALIDATE_PRODUCT = YES;
			};
			name = Release;
		};
		7624D9C3251D440B002D0FE2 /* Debug */ = {
			isa = XCBuildConfiguration;
			buildSettings = {
				ASSETCATALOG_COMPILER_APPICON_NAME = AppIcon;
				ASSETCATALOG_COMPILER_GLOBAL_ACCENT_COLOR_NAME = AccentColor;
				CODE_SIGN_STYLE = Automatic;
				DEVELOPMENT_TEAM = L442N5GXM2;
				INFOPLIST_FILE = MatrixProject/Info.plist;
				LD_RUNPATH_SEARCH_PATHS = (
					"$(inherited)",
					"@executable_path/Frameworks",
				);
				PRODUCT_BUNDLE_IDENTIFIER = trindade.jessica.MatrixProject;
				PRODUCT_NAME = "$(TARGET_NAME)";
				SWIFT_VERSION = 5.0;
				TARGETED_DEVICE_FAMILY = 1;
			};
			name = Debug;
		};
		7624D9C4251D440B002D0FE2 /* Release */ = {
			isa = XCBuildConfiguration;
			buildSettings = {
				ASSETCATALOG_COMPILER_APPICON_NAME = AppIcon;
				ASSETCATALOG_COMPILER_GLOBAL_ACCENT_COLOR_NAME = AccentColor;
				CODE_SIGN_STYLE = Automatic;
				DEVELOPMENT_TEAM = L442N5GXM2;
				INFOPLIST_FILE = MatrixProject/Info.plist;
				LD_RUNPATH_SEARCH_PATHS = (
					"$(inherited)",
					"@executable_path/Frameworks",
				);
				PRODUCT_BUNDLE_IDENTIFIER = trindade.jessica.MatrixProject;
				PRODUCT_NAME = "$(TARGET_NAME)";
				SWIFT_VERSION = 5.0;
				TARGETED_DEVICE_FAMILY = 1;
			};
			name = Release;
		};
/* End XCBuildConfiguration section */

/* Begin XCConfigurationList section */
		7624D9A9251D4407002D0FE2 /* Build configuration list for PBXProject "MatrixProject" */ = {
			isa = XCConfigurationList;
			buildConfigurations = (
				7624D9C0251D440B002D0FE2 /* Debug */,
				7624D9C1251D440B002D0FE2 /* Release */,
			);
			defaultConfigurationIsVisible = 0;
			defaultConfigurationName = Release;
		};
		7624D9C2251D440B002D0FE2 /* Build configuration list for PBXNativeTarget "MatrixProject" */ = {
			isa = XCConfigurationList;
			buildConfigurations = (
				7624D9C3251D440B002D0FE2 /* Debug */,
				7624D9C4251D440B002D0FE2 /* Release */,
			);
			defaultConfigurationIsVisible = 0;
			defaultConfigurationName = Release;
		};
/* End XCConfigurationList section */
	};
	rootObject = 7624D9A6251D4407002D0FE2 /* Project object */;
}
